
Microsoft Visual Studio Solution File, Format Version 12.00
# Visual Studio Version 17
VisualStudioVersion = 17.4.33205.214
MinimumVisualStudioVersion = 10.0.40219.1
Project("{FAE04EC0-301F-11D3-BF4B-00C04F79EFBC}") = "colision", "colision.csproj", "{C0C04BED-AEDE-4E74-8E68-9E2A600DF753}"
EndProject
Global
	GlobalSection(SolutionConfigurationPlatforms) = preSolution
		Debug|Any CPU = Debug|Any CPU
		Release|Any CPU = Release|Any CPU
	EndGlobalSection
	GlobalSection(ProjectConfigurationPlatforms) = postSolution
		{C0C04BED-AEDE-4E74-8E68-9E2A600DF753}.Debug|Any CPU.ActiveCfg = Debug|Any CPU
		{C0C04BED-AEDE-4E74-8E68-9E2A600DF753}.Debug|Any CPU.Build.0 = Debug|Any CPU
		{C0C04BED-AEDE-4E74-8E68-9E2A600DF753}.Release|Any CPU.ActiveCfg = Release|Any CPU
		{C0C04BED-AEDE-4E74-8E68-9E2A600DF753}.Release|Any CPU.Build.0 = Release|Any CPU
	EndGlobalSection
	GlobalSection(SolutionProperties) = preSolution
		HideSolutionNode = FALSE
	EndGlobalSection
	GlobalSection(ExtensibilityGlobals) = postSolution
		SolutionGuid = {7D11B133-38D2-4752-817F-4DD9250331BB}
	EndGlobalSection
EndGlobal
